
Microsoft Visual Studio Solution File, Format Version 12.00
# Visual Studio Version 16
VisualStudioVersion = 16.0.30517.126
MinimumVisualStudioVersion = 10.0.40219.1
Project("{FAE04EC0-301F-11D3-BF4B-00C04F79EFBC}") = "mutant_client", "mutant_client.csproj", "{2E3613EA-4ECA-4F82-9FA2-8D08271F6A9A}"
EndProject
Project("{FAE04EC0-301F-11D3-BF4B-00C04F79EFBC}") = "mutant_server", "..\mutant_server\mutant_server.csproj", "{BA3D6B78-2166-46B5-86BD-4C170497BA43}"
EndProject
Global
	GlobalSection(SolutionConfigurationPlatforms) = preSolution
		Debug|Any CPU = Debug|Any CPU
		Release|Any CPU = Release|Any CPU
	EndGlobalSection
	GlobalSection(ProjectConfigurationPlatforms) = postSolution
		{2E3613EA-4ECA-4F82-9FA2-8D08271F6A9A}.Debug|Any CPU.ActiveCfg = Debug|Any CPU
		{2E3613EA-4ECA-4F82-9FA2-8D08271F6A9A}.Debug|Any CPU.Build.0 = Debug|Any CPU
		{2E3613EA-4ECA-4F82-9FA2-8D08271F6A9A}.Release|Any CPU.ActiveCfg = Release|Any CPU
		{2E3613EA-4ECA-4F82-9FA2-8D08271F6A9A}.Release|Any CPU.Build.0 = Release|Any CPU
		{BA3D6B78-2166-46B5-86BD-4C170497BA43}.Debug|Any CPU.ActiveCfg = Debug|Any CPU
		{BA3D6B78-2166-46B5-86BD-4C170497BA43}.Debug|Any CPU.Build.0 = Debug|Any CPU
		{BA3D6B78-2166-46B5-86BD-4C170497BA43}.Release|Any CPU.ActiveCfg = Release|Any CPU
		{BA3D6B78-2166-46B5-86BD-4C170497BA43}.Release|Any CPU.Build.0 = Release|Any CPU
	EndGlobalSection
	GlobalSection(SolutionProperties) = preSolution
		HideSolutionNode = FALSE
	EndGlobalSection
	GlobalSection(ExtensibilityGlobals) = postSolution
		SolutionGuid = {E1127302-F46B-4FA6-A154-56EE41EAE849}
	EndGlobalSection
EndGlobal
